// !$*UTF8*$!
{
	archiveVersion = 1;
	classes = {
	};
	objectVersion = 46;
	objects = {

/* Begin PBXBuildFile section */
		DABC1DB839700FCA9C26221E /* libPods.a in Frameworks */ = {isa = PBXBuildFile; fileRef = DCCF218DB1AEE51BE31A46FD /* libPods.a */; };
		E510FD5619E6BC2F004B8AF5 /* main.m in Sources */ = {isa = PBXBuildFile; fileRef = E510FD5519E6BC2F004B8AF5 /* main.m */; };
		E510FD5919E6BC2F004B8AF5 /* AppDelegate.m in Sources */ = {isa = PBXBuildFile; fileRef = E510FD5819E6BC2F004B8AF5 /* AppDelegate.m */; };
		E510FD5F19E6BC2F004B8AF5 /* Main.storyboard in Resources */ = {isa = PBXBuildFile; fileRef = E510FD5D19E6BC2F004B8AF5 /* Main.storyboard */; };
		E510FD6419E6BC2F004B8AF5 /* LaunchScreen.xib in Resources */ = {isa = PBXBuildFile; fileRef = E510FD6219E6BC2F004B8AF5 /* LaunchScreen.xib */; };
		E510FD7019E6BC2F004B8AF5 /* BFTests.m in Sources */ = {isa = PBXBuildFile; fileRef = E510FD6F19E6BC2F004B8AF5 /* BFTests.m */; };
		E510FD7B19E6C00F004B8AF5 /* AuthViewController.m in Sources */ = {isa = PBXBuildFile; fileRef = E510FD7A19E6C00F004B8AF5 /* AuthViewController.m */; };
		E544663419E6EADD003C0CB7 /* BrickView.m in Sources */ = {isa = PBXBuildFile; fileRef = E544663319E6EADD003C0CB7 /* BrickView.m */; };
		E559D00419FC5B9C00B23A29 /* Launch Screen2.xib in Resources */ = {isa = PBXBuildFile; fileRef = E559D00319FC5B9C00B23A29 /* Launch Screen2.xib */; };
		E56A91981A025173000D40B0 /* Images.xcassets in Resources */ = {isa = PBXBuildFile; fileRef = E56A91971A025173000D40B0 /* Images.xcassets */; };
		E56A919A1A029070000D40B0 /* akagi-eb-webfont.ttf in Resources */ = {isa = PBXBuildFile; fileRef = E56A91991A029070000D40B0 /* akagi-eb-webfont.ttf */; };
		E584C04B1A024ADD001B2703 /* BlogViewController.m in Sources */ = {isa = PBXBuildFile; fileRef = E584C04A1A024ADD001B2703 /* BlogViewController.m */; };
		E590896719E6E676008A2821 /* Brick.m in Sources */ = {isa = PBXBuildFile; fileRef = E590896619E6E676008A2821 /* Brick.m */; };
		E5B369271A02B08F00998B45 /* akagi-bk-webfont.ttf in Resources */ = {isa = PBXBuildFile; fileRef = E5B369261A02B08F00998B45 /* akagi-bk-webfont.ttf */; };
		E5B4403B1A0D2F7500E35C3A /* BrickflowLogger.m in Sources */ = {isa = PBXBuildFile; fileRef = E5B4403A1A0D2F7500E35C3A /* BrickflowLogger.m */; };
		E5C37AE719E6D9C7007DCE0D /* BrickViewController.m in Sources */ = {isa = PBXBuildFile; fileRef = E5C37AE619E6D9C7007DCE0D /* BrickViewController.m */; };
		E5C65EF21A0150E900593183 /* Blog.m in Sources */ = {isa = PBXBuildFile; fileRef = E5C65EF11A0150E900593183 /* Blog.m */; };
		E5C65EF51A01516C00593183 /* BlogView.m in Sources */ = {isa = PBXBuildFile; fileRef = E5C65EF41A01516C00593183 /* BlogView.m */; };
		E5E5C2BC19EFE30400F7F137 /* akagi-sbit-webfont.ttf in Resources */ = {isa = PBXBuildFile; fileRef = E520704419EFC89600FA698C /* akagi-sbit-webfont.ttf */; };
		E5E8A0B21A115F4600488ACB /* Crashlytics.framework in Frameworks */ = {isa = PBXBuildFile; fileRef = E5E8A0B01A115F4600488ACB /* Crashlytics.framework */; };
		E5E8A0B31A115F4600488ACB /* Fabric.framework in Frameworks */ = {isa = PBXBuildFile; fileRef = E5E8A0B11A115F4600488ACB /* Fabric.framework */; };
		E5F8C2B819F1422300667EA8 /* akagi-sb-webfont.ttf in Resources */ = {isa = PBXBuildFile; fileRef = E5F8C2B719F1422300667EA8 /* akagi-sb-webfont.ttf */; };
/* End PBXBuildFile section */

/* Begin PBXContainerItemProxy section */
		E510FD6A19E6BC2F004B8AF5 /* PBXContainerItemProxy */ = {
			isa = PBXContainerItemProxy;
			containerPortal = E510FD4819E6BC2F004B8AF5 /* Project object */;
			proxyType = 1;
			remoteGlobalIDString = E510FD4F19E6BC2F004B8AF5;
			remoteInfo = BF;
		};
/* End PBXContainerItemProxy section */

/* Begin PBXFileReference section */
		069ADEC811D7B2F7FE4FBC55 /* Pods.release.xcconfig */ = {isa = PBXFileReference; includeInIndex = 1; lastKnownFileType = text.xcconfig; name = Pods.release.xcconfig; path = "Pods/Target Support Files/Pods/Pods.release.xcconfig"; sourceTree = "<group>"; };
		B0BF910B080C87733BB8FBDA /* Pods.debug.xcconfig */ = {isa = PBXFileReference; includeInIndex = 1; lastKnownFileType = text.xcconfig; name = Pods.debug.xcconfig; path = "Pods/Target Support Files/Pods/Pods.debug.xcconfig"; sourceTree = "<group>"; };
		DCCF218DB1AEE51BE31A46FD /* libPods.a */ = {isa = PBXFileReference; explicitFileType = archive.ar; includeInIndex = 0; path = libPods.a; sourceTree = BUILT_PRODUCTS_DIR; };
		E510FD5019E6BC2F004B8AF5 /* BF.app */ = {isa = PBXFileReference; explicitFileType = wrapper.application; includeInIndex = 0; path = BF.app; sourceTree = BUILT_PRODUCTS_DIR; };
		E510FD5419E6BC2F004B8AF5 /* Info.plist */ = {isa = PBXFileReference; lastKnownFileType = text.plist.xml; path = Info.plist; sourceTree = "<group>"; };
		E510FD5519E6BC2F004B8AF5 /* main.m */ = {isa = PBXFileReference; lastKnownFileType = sourcecode.c.objc; path = main.m; sourceTree = "<group>"; };
		E510FD5719E6BC2F004B8AF5 /* AppDelegate.h */ = {isa = PBXFileReference; lastKnownFileType = sourcecode.c.h; path = AppDelegate.h; sourceTree = "<group>"; };
		E510FD5819E6BC2F004B8AF5 /* AppDelegate.m */ = {isa = PBXFileReference; lastKnownFileType = sourcecode.c.objc; path = AppDelegate.m; sourceTree = "<group>"; };
		E510FD5E19E6BC2F004B8AF5 /* Base */ = {isa = PBXFileReference; lastKnownFileType = file.storyboard; name = Base; path = Base.lproj/Main.storyboard; sourceTree = "<group>"; };
		E510FD6319E6BC2F004B8AF5 /* Base */ = {isa = PBXFileReference; lastKnownFileType = file.xib; name = Base; path = Base.lproj/LaunchScreen.xib; sourceTree = "<group>"; };
		E510FD6919E6BC2F004B8AF5 /* BFTests.xctest */ = {isa = PBXFileReference; explicitFileType = wrapper.cfbundle; includeInIndex = 0; path = BFTests.xctest; sourceTree = BUILT_PRODUCTS_DIR; };
		E510FD6E19E6BC2F004B8AF5 /* Info.plist */ = {isa = PBXFileReference; lastKnownFileType = text.plist.xml; path = Info.plist; sourceTree = "<group>"; };
		E510FD6F19E6BC2F004B8AF5 /* BFTests.m */ = {isa = PBXFileReference; lastKnownFileType = sourcecode.c.objc; path = BFTests.m; sourceTree = "<group>"; };
		E510FD7919E6C00F004B8AF5 /* AuthViewController.h */ = {isa = PBXFileReference; fileEncoding = 4; lastKnownFileType = sourcecode.c.h; path = AuthViewController.h; sourceTree = "<group>"; };
		E510FD7A19E6C00F004B8AF5 /* AuthViewController.m */ = {isa = PBXFileReference; fileEncoding = 4; lastKnownFileType = sourcecode.c.objc; path = AuthViewController.m; sourceTree = "<group>"; };
		E520704419EFC89600FA698C /* akagi-sbit-webfont.ttf */ = {isa = PBXFileReference; lastKnownFileType = file; path = "akagi-sbit-webfont.ttf"; sourceTree = "<group>"; };
		E544663219E6EADD003C0CB7 /* BrickView.h */ = {isa = PBXFileReference; fileEncoding = 4; lastKnownFileType = sourcecode.c.h; path = BrickView.h; sourceTree = "<group>"; };
		E544663319E6EADD003C0CB7 /* BrickView.m */ = {isa = PBXFileReference; fileEncoding = 4; lastKnownFileType = sourcecode.c.objc; path = BrickView.m; sourceTree = "<group>"; };
		E559D00319FC5B9C00B23A29 /* Launch Screen2.xib */ = {isa = PBXFileReference; fileEncoding = 4; lastKnownFileType = file.xib; path = "Launch Screen2.xib"; sourceTree = "<group>"; };
		E56A91971A025173000D40B0 /* Images.xcassets */ = {isa = PBXFileReference; lastKnownFileType = folder.assetcatalog; path = Images.xcassets; sourceTree = "<group>"; };
		E56A91991A029070000D40B0 /* akagi-eb-webfont.ttf */ = {isa = PBXFileReference; lastKnownFileType = file; path = "akagi-eb-webfont.ttf"; sourceTree = "<group>"; };
		E584C0491A024ADD001B2703 /* BlogViewController.h */ = {isa = PBXFileReference; fileEncoding = 4; lastKnownFileType = sourcecode.c.h; path = BlogViewController.h; sourceTree = "<group>"; };
		E584C04A1A024ADD001B2703 /* BlogViewController.m */ = {isa = PBXFileReference; fileEncoding = 4; lastKnownFileType = sourcecode.c.objc; path = BlogViewController.m; sourceTree = "<group>"; };
		E590896519E6E676008A2821 /* Brick.h */ = {isa = PBXFileReference; fileEncoding = 4; lastKnownFileType = sourcecode.c.h; path = Brick.h; sourceTree = "<group>"; };
		E590896619E6E676008A2821 /* Brick.m */ = {isa = PBXFileReference; fileEncoding = 4; lastKnownFileType = sourcecode.c.objc; path = Brick.m; sourceTree = "<group>"; };
		E5B369261A02B08F00998B45 /* akagi-bk-webfont.ttf */ = {isa = PBXFileReference; lastKnownFileType = file; path = "akagi-bk-webfont.ttf"; sourceTree = "<group>"; };
		E5B440391A0D2F7500E35C3A /* BrickflowLogger.h */ = {isa = PBXFileReference; fileEncoding = 4; lastKnownFileType = sourcecode.c.h; path = BrickflowLogger.h; sourceTree = "<group>"; };
		E5B4403A1A0D2F7500E35C3A /* BrickflowLogger.m */ = {isa = PBXFileReference; fileEncoding = 4; lastKnownFileType = sourcecode.c.objc; path = BrickflowLogger.m; sourceTree = "<group>"; };
		E5C37AE519E6D9C7007DCE0D /* BrickViewController.h */ = {isa = PBXFileReference; fileEncoding = 4; lastKnownFileType = sourcecode.c.h; path = BrickViewController.h; sourceTree = "<group>"; };
		E5C37AE619E6D9C7007DCE0D /* BrickViewController.m */ = {isa = PBXFileReference; fileEncoding = 4; lastKnownFileType = sourcecode.c.objc; path = BrickViewController.m; sourceTree = "<group>"; };
		E5C65EF01A014DFE00593183 /* Blog.h */ = {isa = PBXFileReference; lastKnownFileType = sourcecode.c.h; path = Blog.h; sourceTree = "<group>"; };
		E5C65EF11A0150E900593183 /* Blog.m */ = {isa = PBXFileReference; fileEncoding = 4; lastKnownFileType = sourcecode.c.objc; path = Blog.m; sourceTree = "<group>"; };
		E5C65EF31A01516C00593183 /* BlogView.h */ = {isa = PBXFileReference; fileEncoding = 4; lastKnownFileType = sourcecode.c.h; path = BlogView.h; sourceTree = "<group>"; };
		E5C65EF41A01516C00593183 /* BlogView.m */ = {isa = PBXFileReference; fileEncoding = 4; lastKnownFileType = sourcecode.c.objc; path = BlogView.m; sourceTree = "<group>"; };
		E5E8A0B01A115F4600488ACB /* Crashlytics.framework */ = {isa = PBXFileReference; lastKnownFileType = wrapper.framework; path = Crashlytics.framework; sourceTree = "<group>"; };
		E5E8A0B11A115F4600488ACB /* Fabric.framework */ = {isa = PBXFileReference; lastKnownFileType = wrapper.framework; path = Fabric.framework; sourceTree = "<group>"; };
		E5F8C2B719F1422300667EA8 /* akagi-sb-webfont.ttf */ = {isa = PBXFileReference; lastKnownFileType = file; path = "akagi-sb-webfont.ttf"; sourceTree = "<group>"; };
/* End PBXFileReference section */

/* Begin PBXFrameworksBuildPhase section */
		E510FD4D19E6BC2F004B8AF5 /* Frameworks */ = {
			isa = PBXFrameworksBuildPhase;
			buildActionMask = 2147483647;
			files = (
				E5E8A0B21A115F4600488ACB /* Crashlytics.framework in Frameworks */,
				DABC1DB839700FCA9C26221E /* libPods.a in Frameworks */,
				E5E8A0B31A115F4600488ACB /* Fabric.framework in Frameworks */,
			);
			runOnlyForDeploymentPostprocessing = 0;
		};
		E510FD6619E6BC2F004B8AF5 /* Frameworks */ = {
			isa = PBXFrameworksBuildPhase;
			buildActionMask = 2147483647;
			files = (
			);
			runOnlyForDeploymentPostprocessing = 0;
		};
/* End PBXFrameworksBuildPhase section */

/* Begin PBXGroup section */
		17A5A5813026B52BB2DF12DD /* Pods */ = {
			isa = PBXGroup;
			children = (
				B0BF910B080C87733BB8FBDA /* Pods.debug.xcconfig */,
				069ADEC811D7B2F7FE4FBC55 /* Pods.release.xcconfig */,
			);
			name = Pods;
			sourceTree = "<group>";
		};
		2A524BC208E9AA107E15C4A4 /* Frameworks */ = {
			isa = PBXGroup;
			children = (
				DCCF218DB1AEE51BE31A46FD /* libPods.a */,
			);
			name = Frameworks;
			sourceTree = "<group>";
		};
		E510FD4719E6BC2F004B8AF5 = {
			isa = PBXGroup;
			children = (
				E510FD5219E6BC2F004B8AF5 /* BF */,
				E510FD6C19E6BC2F004B8AF5 /* BFTests */,
				E510FD5119E6BC2F004B8AF5 /* Products */,
				17A5A5813026B52BB2DF12DD /* Pods */,
				2A524BC208E9AA107E15C4A4 /* Frameworks */,
			);
			sourceTree = "<group>";
		};
		E510FD5119E6BC2F004B8AF5 /* Products */ = {
			isa = PBXGroup;
			children = (
				E510FD5019E6BC2F004B8AF5 /* BF.app */,
				E510FD6919E6BC2F004B8AF5 /* BFTests.xctest */,
			);
			name = Products;
			sourceTree = "<group>";
		};
		E510FD5219E6BC2F004B8AF5 /* BF */ = {
			isa = PBXGroup;
			children = (
				E56A91971A025173000D40B0 /* Images.xcassets */,
				E510FD5319E6BC2F004B8AF5 /* Supporting Files */,
				E520704619EFCC9F00FA698C /* Resources */,
				E590896519E6E676008A2821 /* Brick.h */,
				E590896619E6E676008A2821 /* Brick.m */,
				E544663219E6EADD003C0CB7 /* BrickView.h */,
				E544663319E6EADD003C0CB7 /* BrickView.m */,
				E5C37AE519E6D9C7007DCE0D /* BrickViewController.h */,
				E5C37AE619E6D9C7007DCE0D /* BrickViewController.m */,
				E510FD7919E6C00F004B8AF5 /* AuthViewController.h */,
				E510FD7A19E6C00F004B8AF5 /* AuthViewController.m */,
				E510FD5719E6BC2F004B8AF5 /* AppDelegate.h */,
				E510FD5819E6BC2F004B8AF5 /* AppDelegate.m */,
				E510FD5D19E6BC2F004B8AF5 /* Main.storyboard */,
				E510FD6219E6BC2F004B8AF5 /* LaunchScreen.xib */,
				E559D00319FC5B9C00B23A29 /* Launch Screen2.xib */,
				E5C65EF01A014DFE00593183 /* Blog.h */,
				E5C65EF11A0150E900593183 /* Blog.m */,
				E5C65EF31A01516C00593183 /* BlogView.h */,
				E5C65EF41A01516C00593183 /* BlogView.m */,
				E584C0491A024ADD001B2703 /* BlogViewController.h */,
				E584C04A1A024ADD001B2703 /* BlogViewController.m */,
				E5B440391A0D2F7500E35C3A /* BrickflowLogger.h */,
				E5B4403A1A0D2F7500E35C3A /* BrickflowLogger.m */,
				E5E8A0B01A115F4600488ACB /* Crashlytics.framework */,
				E5E8A0B11A115F4600488ACB /* Fabric.framework */,
			);
			path = BF;
			sourceTree = "<group>";
		};
		E510FD5319E6BC2F004B8AF5 /* Supporting Files */ = {
			isa = PBXGroup;
			children = (
				E510FD5419E6BC2F004B8AF5 /* Info.plist */,
				E510FD5519E6BC2F004B8AF5 /* main.m */,
			);
			name = "Supporting Files";
			sourceTree = "<group>";
		};
		E510FD6C19E6BC2F004B8AF5 /* BFTests */ = {
			isa = PBXGroup;
			children = (
				E510FD6F19E6BC2F004B8AF5 /* BFTests.m */,
				E510FD6D19E6BC2F004B8AF5 /* Supporting Files */,
			);
			path = BFTests;
			sourceTree = "<group>";
		};
		E510FD6D19E6BC2F004B8AF5 /* Supporting Files */ = {
			isa = PBXGroup;
			children = (
				E510FD6E19E6BC2F004B8AF5 /* Info.plist */,
			);
			name = "Supporting Files";
			sourceTree = "<group>";
		};
		E520704319EFC72E00FA698C /* Fonts */ = {
			isa = PBXGroup;
			children = (
				E5B369261A02B08F00998B45 /* akagi-bk-webfont.ttf */,
				E56A91991A029070000D40B0 /* akagi-eb-webfont.ttf */,
				E520704419EFC89600FA698C /* akagi-sbit-webfont.ttf */,
				E5F8C2B719F1422300667EA8 /* akagi-sb-webfont.ttf */,
			);
			name = Fonts;
			sourceTree = "<group>";
		};
		E520704619EFCC9F00FA698C /* Resources */ = {
			isa = PBXGroup;
			children = (
				E520704319EFC72E00FA698C /* Fonts */,
			);
			name = Resources;
			sourceTree = "<group>";
		};
/* End PBXGroup section */

/* Begin PBXNativeTarget section */
		E510FD4F19E6BC2F004B8AF5 /* BF */ = {
			isa = PBXNativeTarget;
			buildConfigurationList = E510FD7319E6BC2F004B8AF5 /* Build configuration list for PBXNativeTarget "BF" */;
			buildPhases = (
				318769FF1055C61CB6F8DB6C /* Check Pods Manifest.lock */,
				E510FD4C19E6BC2F004B8AF5 /* Sources */,
				E510FD4D19E6BC2F004B8AF5 /* Frameworks */,
				E510FD4E19E6BC2F004B8AF5 /* Resources */,
				14EAD2E68CC4A888B4BF0AEE /* Copy Pods Resources */,
				E5E8A0AF1A115F0800488ACB /* ShellScript */,
			);
			buildRules = (
			);
			dependencies = (
			);
			name = BF;
			productName = BF;
			productReference = E510FD5019E6BC2F004B8AF5 /* BF.app */;
			productType = "com.apple.product-type.application";
		};
		E510FD6819E6BC2F004B8AF5 /* BFTests */ = {
			isa = PBXNativeTarget;
			buildConfigurationList = E510FD7619E6BC2F004B8AF5 /* Build configuration list for PBXNativeTarget "BFTests" */;
			buildPhases = (
				E510FD6519E6BC2F004B8AF5 /* Sources */,
				E510FD6619E6BC2F004B8AF5 /* Frameworks */,
				E510FD6719E6BC2F004B8AF5 /* Resources */,
			);
			buildRules = (
			);
			dependencies = (
				E510FD6B19E6BC2F004B8AF5 /* PBXTargetDependency */,
			);
			name = BFTests;
			productName = BFTests;
			productReference = E510FD6919E6BC2F004B8AF5 /* BFTests.xctest */;
			productType = "com.apple.product-type.bundle.unit-test";
		};
/* End PBXNativeTarget section */

/* Begin PBXProject section */
		E510FD4819E6BC2F004B8AF5 /* Project object */ = {
			isa = PBXProject;
			attributes = {
				LastUpgradeCheck = 0600;
				ORGANIZATIONNAME = Brickflow;
				TargetAttributes = {
					E510FD4F19E6BC2F004B8AF5 = {
						CreatedOnToolsVersion = 6.0.1;
					};
					E510FD6819E6BC2F004B8AF5 = {
						CreatedOnToolsVersion = 6.0.1;
						TestTargetID = E510FD4F19E6BC2F004B8AF5;
					};
				};
			};
			buildConfigurationList = E510FD4B19E6BC2F004B8AF5 /* Build configuration list for PBXProject "BF" */;
			compatibilityVersion = "Xcode 3.2";
			developmentRegion = English;
			hasScannedForEncodings = 0;
			knownRegions = (
				en,
				Base,
			);
			mainGroup = E510FD4719E6BC2F004B8AF5;
			productRefGroup = E510FD5119E6BC2F004B8AF5 /* Products */;
			projectDirPath = "";
			projectRoot = "";
			targets = (
				E510FD4F19E6BC2F004B8AF5 /* BF */,
				E510FD6819E6BC2F004B8AF5 /* BFTests */,
			);
		};
/* End PBXProject section */

/* Begin PBXResourcesBuildPhase section */
		E510FD4E19E6BC2F004B8AF5 /* Resources */ = {
			isa = PBXResourcesBuildPhase;
			buildActionMask = 2147483647;
			files = (
				E5E5C2BC19EFE30400F7F137 /* akagi-sbit-webfont.ttf in Resources */,
				E5B369271A02B08F00998B45 /* akagi-bk-webfont.ttf in Resources */,
				E559D00419FC5B9C00B23A29 /* Launch Screen2.xib in Resources */,
				E510FD5F19E6BC2F004B8AF5 /* Main.storyboard in Resources */,
				E56A91981A025173000D40B0 /* Images.xcassets in Resources */,
				E510FD6419E6BC2F004B8AF5 /* LaunchScreen.xib in Resources */,
				E56A919A1A029070000D40B0 /* akagi-eb-webfont.ttf in Resources */,
				E5F8C2B819F1422300667EA8 /* akagi-sb-webfont.ttf in Resources */,
			);
			runOnlyForDeploymentPostprocessing = 0;
		};
		E510FD6719E6BC2F004B8AF5 /* Resources */ = {
			isa = PBXResourcesBuildPhase;
			buildActionMask = 2147483647;
			files = (
			);
			runOnlyForDeploymentPostprocessing = 0;
		};
/* End PBXResourcesBuildPhase section */

/* Begin PBXShellScriptBuildPhase section */
		14EAD2E68CC4A888B4BF0AEE /* Copy Pods Resources */ = {
			isa = PBXShellScriptBuildPhase;
			buildActionMask = 2147483647;
			files = (
			);
			inputPaths = (
			);
			name = "Copy Pods Resources";
			outputPaths = (
			);
			runOnlyForDeploymentPostprocessing = 0;
			shellPath = /bin/sh;
			shellScript = "\"${SRCROOT}/Pods/Target Support Files/Pods/Pods-resources.sh\"\n";
			showEnvVarsInLog = 0;
		};
		318769FF1055C61CB6F8DB6C /* Check Pods Manifest.lock */ = {
			isa = PBXShellScriptBuildPhase;
			buildActionMask = 2147483647;
			files = (
			);
			inputPaths = (
			);
			name = "Check Pods Manifest.lock";
			outputPaths = (
			);
			runOnlyForDeploymentPostprocessing = 0;
			shellPath = /bin/sh;
			shellScript = "diff \"${PODS_ROOT}/../Podfile.lock\" \"${PODS_ROOT}/Manifest.lock\" > /dev/null\nif [[ $? != 0 ]] ; then\n    cat << EOM\nerror: The sandbox is not in sync with the Podfile.lock. Run 'pod install' or update your CocoaPods installation.\nEOM\n    exit 1\nfi\n";
			showEnvVarsInLog = 0;
		};
		E5E8A0AF1A115F0800488ACB /* ShellScript */ = {
			isa = PBXShellScriptBuildPhase;
			buildActionMask = 2147483647;
			files = (
			);
			inputPaths = (
			);
			outputPaths = (
			);
			runOnlyForDeploymentPostprocessing = 0;
			shellPath = /bin/sh;
			shellScript = "./Fabric.framework/run 134c3d86822213f6d864e009ee80a96e028d67b0 f260c4121b3fc6e920b3f6d51854ab6bc656c8a524ccc512ba5f1eabf66de2ee";
		};
/* End PBXShellScriptBuildPhase section */

/* Begin PBXSourcesBuildPhase section */
		E510FD4C19E6BC2F004B8AF5 /* Sources */ = {
			isa = PBXSourcesBuildPhase;
			buildActionMask = 2147483647;
			files = (
				E510FD7B19E6C00F004B8AF5 /* AuthViewController.m in Sources */,
				E5C37AE719E6D9C7007DCE0D /* BrickViewController.m in Sources */,
				E544663419E6EADD003C0CB7 /* BrickView.m in Sources */,
				E5C65EF21A0150E900593183 /* Blog.m in Sources */,
				E5C65EF51A01516C00593183 /* BlogView.m in Sources */,
				E584C04B1A024ADD001B2703 /* BlogViewController.m in Sources */,
				E590896719E6E676008A2821 /* Brick.m in Sources */,
				E510FD5919E6BC2F004B8AF5 /* AppDelegate.m in Sources */,
				E510FD5619E6BC2F004B8AF5 /* main.m in Sources */,
				E5B4403B1A0D2F7500E35C3A /* BrickflowLogger.m in Sources */,
			);
			runOnlyForDeploymentPostprocessing = 0;
		};
		E510FD6519E6BC2F004B8AF5 /* Sources */ = {
			isa = PBXSourcesBuildPhase;
			buildActionMask = 2147483647;
			files = (
				E510FD7019E6BC2F004B8AF5 /* BFTests.m in Sources */,
			);
			runOnlyForDeploymentPostprocessing = 0;
		};
/* End PBXSourcesBuildPhase section */

/* Begin PBXTargetDependency section */
		E510FD6B19E6BC2F004B8AF5 /* PBXTargetDependency */ = {
			isa = PBXTargetDependency;
			target = E510FD4F19E6BC2F004B8AF5 /* BF */;
			targetProxy = E510FD6A19E6BC2F004B8AF5 /* PBXContainerItemProxy */;
		};
/* End PBXTargetDependency section */

/* Begin PBXVariantGroup section */
		E510FD5D19E6BC2F004B8AF5 /* Main.storyboard */ = {
			isa = PBXVariantGroup;
			children = (
				E510FD5E19E6BC2F004B8AF5 /* Base */,
			);
			name = Main.storyboard;
			sourceTree = "<group>";
		};
		E510FD6219E6BC2F004B8AF5 /* LaunchScreen.xib */ = {
			isa = PBXVariantGroup;
			children = (
				E510FD6319E6BC2F004B8AF5 /* Base */,
			);
			name = LaunchScreen.xib;
			sourceTree = "<group>";
		};
/* End PBXVariantGroup section */

/* Begin XCBuildConfiguration section */
		E510FD7119E6BC2F004B8AF5 /* Debug */ = {
			isa = XCBuildConfiguration;
			buildSettings = {
				ALWAYS_SEARCH_USER_PATHS = NO;
				CLANG_CXX_LANGUAGE_STANDARD = "gnu++0x";
				CLANG_CXX_LIBRARY = "libc++";
				CLANG_ENABLE_MODULES = YES;
				CLANG_ENABLE_OBJC_ARC = YES;
				CLANG_WARN_BOOL_CONVERSION = YES;
				CLANG_WARN_CONSTANT_CONVERSION = YES;
				CLANG_WARN_DIRECT_OBJC_ISA_USAGE = YES_ERROR;
				CLANG_WARN_EMPTY_BODY = YES;
				CLANG_WARN_ENUM_CONVERSION = YES;
				CLANG_WARN_INT_CONVERSION = YES;
				CLANG_WARN_OBJC_ROOT_CLASS = YES_ERROR;
				CLANG_WARN_UNREACHABLE_CODE = YES;
				CLANG_WARN__DUPLICATE_METHOD_MATCH = YES;
				"CODE_SIGN_IDENTITY[sdk=iphoneos*]" = "iPhone Developer";
				COPY_PHASE_STRIP = NO;
				ENABLE_STRICT_OBJC_MSGSEND = YES;
				GCC_C_LANGUAGE_STANDARD = gnu99;
				GCC_DYNAMIC_NO_PIC = NO;
				GCC_OPTIMIZATION_LEVEL = 0;
				GCC_PREPROCESSOR_DEFINITIONS = (
					"DEBUG=1",
					"$(inherited)",
				);
				GCC_SYMBOLS_PRIVATE_EXTERN = NO;
				GCC_WARN_64_TO_32_BIT_CONVERSION = YES;
				GCC_WARN_ABOUT_RETURN_TYPE = YES_ERROR;
				GCC_WARN_UNDECLARED_SELECTOR = YES;
				GCC_WARN_UNINITIALIZED_AUTOS = YES_AGGRESSIVE;
				GCC_WARN_UNUSED_FUNCTION = YES;
				GCC_WARN_UNUSED_VARIABLE = YES;
				IPHONEOS_DEPLOYMENT_TARGET = 8.0;
				MTL_ENABLE_DEBUG_INFO = YES;
				ONLY_ACTIVE_ARCH = YES;
				SDKROOT = iphoneos;
			};
			name = Debug;
		};
		E510FD7219E6BC2F004B8AF5 /* Release */ = {
			isa = XCBuildConfiguration;
			buildSettings = {
				ALWAYS_SEARCH_USER_PATHS = NO;
				CLANG_CXX_LANGUAGE_STANDARD = "gnu++0x";
				CLANG_CXX_LIBRARY = "libc++";
				CLANG_ENABLE_MODULES = YES;
				CLANG_ENABLE_OBJC_ARC = YES;
				CLANG_WARN_BOOL_CONVERSION = YES;
				CLANG_WARN_CONSTANT_CONVERSION = YES;
				CLANG_WARN_DIRECT_OBJC_ISA_USAGE = YES_ERROR;
				CLANG_WARN_EMPTY_BODY = YES;
				CLANG_WARN_ENUM_CONVERSION = YES;
				CLANG_WARN_INT_CONVERSION = YES;
				CLANG_WARN_OBJC_ROOT_CLASS = YES_ERROR;
				CLANG_WARN_UNREACHABLE_CODE = YES;
				CLANG_WARN__DUPLICATE_METHOD_MATCH = YES;
				"CODE_SIGN_IDENTITY[sdk=iphoneos*]" = "iPhone Developer";
				COPY_PHASE_STRIP = YES;
				ENABLE_NS_ASSERTIONS = NO;
				ENABLE_STRICT_OBJC_MSGSEND = YES;
				GCC_C_LANGUAGE_STANDARD = gnu99;
				GCC_WARN_64_TO_32_BIT_CONVERSION = YES;
				GCC_WARN_ABOUT_RETURN_TYPE = YES_ERROR;
				GCC_WARN_UNDECLARED_SELECTOR = YES;
				GCC_WARN_UNINITIALIZED_AUTOS = YES_AGGRESSIVE;
				GCC_WARN_UNUSED_FUNCTION = YES;
				GCC_WARN_UNUSED_VARIABLE = YES;
				IPHONEOS_DEPLOYMENT_TARGET = 8.0;
				MTL_ENABLE_DEBUG_INFO = NO;
				SDKROOT = iphoneos;
				VALIDATE_PRODUCT = YES;
			};
			name = Release;
		};
		E510FD7419E6BC2F004B8AF5 /* Debug */ = {
			isa = XCBuildConfiguration;
			baseConfigurationReference = B0BF910B080C87733BB8FBDA /* Pods.debug.xcconfig */;
			buildSettings = {
				ASSETCATALOG_COMPILER_APPICON_NAME = AppIcon;
				FRAMEWORK_SEARCH_PATHS = (
					"$(inherited)",
					"$(PROJECT_DIR)/BF",
				);
				INFOPLIST_FILE = BF/Info.plist;
				LD_RUNPATH_SEARCH_PATHS = "$(inherited) @executable_path/Frameworks";
				PRODUCT_NAME = "$(TARGET_NAME)";
				TARGETED_DEVICE_FAMILY = 1;
			};
			name = Debug;
		};
		E510FD7519E6BC2F004B8AF5 /* Release */ = {
			isa = XCBuildConfiguration;
			baseConfigurationReference = 069ADEC811D7B2F7FE4FBC55 /* Pods.release.xcconfig */;
			buildSettings = {
				ASSETCATALOG_COMPILER_APPICON_NAME = AppIcon;
				FRAMEWORK_SEARCH_PATHS = (
					"$(inherited)",
					"$(PROJECT_DIR)/BF",
				);
				INFOPLIST_FILE = BF/Info.plist;
				LD_RUNPATH_SEARCH_PATHS = "$(inherited) @executable_path/Frameworks";
				PRODUCT_NAME = "$(TARGET_NAME)";
				TARGETED_DEVICE_FAMILY = 1;
			};
			name = Release;
		};
		E510FD7719E6BC2F004B8AF5 /* Debug */ = {
			isa = XCBuildConfiguration;
			buildSettings = {
				BUNDLE_LOADER = "$(TEST_HOST)";
				FRAMEWORK_SEARCH_PATHS = (
					"$(SDKROOT)/Developer/Library/Frameworks",
					"$(inherited)",
				);
				GCC_PREPROCESSOR_DEFINITIONS = (
					"DEBUG=1",
					"$(inherited)",
				);
				INFOPLIST_FILE = BFTests/Info.plist;
				LD_RUNPATH_SEARCH_PATHS = "$(inherited) @executable_path/Frameworks @loader_path/Frameworks";
				PRODUCT_NAME = "$(TARGET_NAME)";
				TEST_HOST = "$(BUILT_PRODUCTS_DIR)/BF.app/BF";
			};
			name = Debug;
		};
		E510FD7819E6BC2F004B8AF5 /* Release */ = {
			isa = XCBuildConfiguration;
			buildSettings = {
				BUNDLE_LOADER = "$(TEST_HOST)";
				FRAMEWORK_SEARCH_PATHS = (
					"$(SDKROOT)/Developer/Library/Frameworks",
					"$(inherited)",
				);
				INFOPLIST_FILE = BFTests/Info.plist;
				LD_RUNPATH_SEARCH_PATHS = "$(inherited) @executable_path/Frameworks @loader_path/Frameworks";
				PRODUCT_NAME = "$(TARGET_NAME)";
				TEST_HOST = "$(BUILT_PRODUCTS_DIR)/BF.app/BF";
			};
			name = Release;
		};
/* End XCBuildConfiguration section */

/* Begin XCConfigurationList section */
		E510FD4B19E6BC2F004B8AF5 /* Build configuration list for PBXProject "BF" */ = {
			isa = XCConfigurationList;
			buildConfigurations = (
				E510FD7119E6BC2F004B8AF5 /* Debug */,
				E510FD7219E6BC2F004B8AF5 /* Release */,
			);
			defaultConfigurationIsVisible = 0;
			defaultConfigurationName = Release;
		};
		E510FD7319E6BC2F004B8AF5 /* Build configuration list for PBXNativeTarget "BF" */ = {
			isa = XCConfigurationList;
			buildConfigurations = (
				E510FD7419E6BC2F004B8AF5 /* Debug */,
				E510FD7519E6BC2F004B8AF5 /* Release */,
			);
			defaultConfigurationIsVisible = 0;
			defaultConfigurationName = Release;
		};
		E510FD7619E6BC2F004B8AF5 /* Build configuration list for PBXNativeTarget "BFTests" */ = {
			isa = XCConfigurationList;
			buildConfigurations = (
				E510FD7719E6BC2F004B8AF5 /* Debug */,
				E510FD7819E6BC2F004B8AF5 /* Release */,
			);
			defaultConfigurationIsVisible = 0;
			defaultConfigurationName = Release;
		};
/* End XCConfigurationList section */
	};
	rootObject = E510FD4819E6BC2F004B8AF5 /* Project object */;
}
